
Microsoft Visual Studio Solution File, Format Version 12.00
# Visual Studio 15
VisualStudioVersion = 15.0.28307.271
MinimumVisualStudioVersion = 10.0.40219.1
Project("{FAE04EC0-301F-11D3-BF4B-00C04F79EFBC}") = "Lesson23", "Lesson23\Lesson23.csproj", "{AF2B3C1B-BE8D-4C1B-AA60-D09DE11D329E}"
EndProject
Global
	GlobalSection(SolutionConfigurationPlatforms) = preSolution
		Debug|Any CPU = Debug|Any CPU
		Release|Any CPU = Release|Any CPU
	EndGlobalSection
	GlobalSection(ProjectConfigurationPlatforms) = postSolution
		{AF2B3C1B-BE8D-4C1B-AA60-D09DE11D329E}.Debug|Any CPU.ActiveCfg = Debug|Any CPU
		{AF2B3C1B-BE8D-4C1B-AA60-D09DE11D329E}.Debug|Any CPU.Build.0 = Debug|Any CPU
		{AF2B3C1B-BE8D-4C1B-AA60-D09DE11D329E}.Release|Any CPU.ActiveCfg = Release|Any CPU
		{AF2B3C1B-BE8D-4C1B-AA60-D09DE11D329E}.Release|Any CPU.Build.0 = Release|Any CPU
	EndGlobalSection
	GlobalSection(SolutionProperties) = preSolution
		HideSolutionNode = FALSE
	EndGlobalSection
	GlobalSection(ExtensibilityGlobals) = postSolution
		SolutionGuid = {8E99A858-8524-42E0-81BA-EB87A5E03838}
	EndGlobalSection
EndGlobal
